PODS:
  - Alamofire (4.5.1)
  - AlamofireImage (3.3.0):
    - Alamofire (~> 4.5)
  - ImageValet (2.3.0):
    - Alamofire (~> 4.5)
    - AlamofireImage (~> 3.3)
  - Nimble (7.0.2)

DEPENDENCIES:
  - Alamofire
  - AlamofireImage
  - ImageValet (from `../`)
  - Nimble

SPEC REPOS:
  https://github.com/cocoapods/specs.git:
    - Alamofire
    - AlamofireImage
    - Nimble

EXTERNAL SOURCES:
  ImageValet:
    :path: "../"

SPEC CHECKSUMS:
  Alamofire: 2d95912bf4c34f164fdfc335872e8c312acaea4a
  AlamofireImage: 2e784dc5d00f04903a52c1d169181469c805c3df
  ImageValet: 81f01b991b3c1d1d5ff29d6128e9af64b91a8aee
  Nimble: bfe1f814edabba69ff145cb1283e04ed636a67f2

PODFILE CHECKSUM: 3ef9fbcfd4af0d191e6db0aff77e6681344a16c1

COCOAPODS: 1.5.3
