PODS:
  - Alamofire (4.0.0)
  - AlamofireImage (3.0.0):
    - Alamofire (~> 4.0)
  - ImageValet (2.1.1):
    - Alamofire (~> 4.0)
    - AlamofireImage (~> 3.0)
  - Nimble (5.0.0-alpha.30p1)

DEPENDENCIES:
  - Alamofire
  - AlamofireImage (from `https://github.com/Alamofire/AlamofireImage`, branch `master`)
  - ImageValet (from `../`)
  - Nimble (from `https://github.com/Quick/Nimble`, branch `swift-3.0`)

EXTERNAL SOURCES:
  AlamofireImage:
    :branch: master
    :git: https://github.com/Alamofire/AlamofireImage
  ImageValet:
    :path: "../"
  Nimble:
    :branch: swift-3.0
    :git: https://github.com/Quick/Nimble

CHECKOUT OPTIONS:
  AlamofireImage:
    :commit: 22e3c24fbe22a8017321060f949fa7b03091dad6
    :git: https://github.com/Alamofire/AlamofireImage
  Nimble:
    :commit: 9dc342cdffef660414d17f27aec897d0cacfffea
    :git: https://github.com/Quick/Nimble

SPEC CHECKSUMS:
  Alamofire: fef59f00388f267e52d9b432aa5d93dc97190f14
  AlamofireImage: 6594aa1139a67dcd36cde6da79ea4e5b318e60fb
  ImageValet: 06bee1aecd3bc8547b7a2f76d8ed1cdcfb944128
  Nimble: c5b995b4cd57789ec44b0cfb79640fc00e61a8c7

PODFILE CHECKSUM: 538e9959ff7b107d024d435189d286349240737b

COCOAPODS: 1.0.1
