PODS:
  - Alamofire (4.3.0)
  - AlamofireImage (3.2.0):
    - Alamofire (~> 4.1)
  - ImageValet (2.2.1):
    - Alamofire (~> 4.0)
    - AlamofireImage (~> 3.0)
  - Nimble (6.0.1)

DEPENDENCIES:
  - Alamofire
  - AlamofireImage
  - ImageValet (from `../`)
  - Nimble

EXTERNAL SOURCES:
  ImageValet:
    :path: "../"

SPEC CHECKSUMS:
  Alamofire: 856a113053a7bc9cbe5d6367a555d773fc5cfef7
  AlamofireImage: 157ed682cc81d3b9db4fb90c1f12180ac552d93b
  ImageValet: a13f8e7a0cfd9eed1104167ec72a2a463ede039f
  Nimble: 1527fd1bd2b4cf0636251a36bc8ab37e81da8347

PODFILE CHECKSUM: 623bf7bbadc9e91a7d1e210ee48e21264c2ff896

COCOAPODS: 1.2.0
